{
  "name": "photototext",
  "version": "1.0.0",
  "lockfileVersion": 1,
  "requires": true,
  "dependencies": {
    "2kenizer": {
      "version": "0.1.6",
      "resolved": "https://registry.npmjs.org/2kenizer/-/2kenizer-0.1.6.tgz",
      "integrity": "sha1-pMxSY4lK7eyZVJOvdzX4eHL2s5A="
    },
    "ajax": {
      "version": "0.0.4",
      "resolved": "https://registry.npmjs.org/ajax/-/ajax-0.0.4.tgz",
      "integrity": "sha1-tvTOi9WQ9fS6Lc/eEd54nyCfJCM=",
      "requires": {
        "underscore": "1.9.1"
      }
    },
    "jQuery": {
      "version": "1.7.4",
      "resolved": "https://registry.npmjs.org/jQuery/-/jQuery-1.7.4.tgz",
      "integrity": "sha1-8y3FyFpwRO6GS0RDue5F+UeLoTc="
    },
    "php": {
      "version": "0.0.1",
      "resolved": "https://registry.npmjs.org/php/-/php-0.0.1.tgz",
      "integrity": "sha1-34jsnHrdkUaxV43RjrMPuSnLwsw=",
      "requires": {
        "2kenizer": "0.1.6",
        "sjs": "0.0.3"
      }
    },
    "run-script-os": {
      "version": "1.0.3",
      "resolved": "https://registry.npmjs.org/run-script-os/-/run-script-os-1.0.3.tgz",
      "integrity": "sha512-CRZRyBfQBh+kHq32rZ6A6zxq6Hx3LzgwgcJ8crozey4Va4IMGsTo+agfmlx3/q2As7egn+Jo9w2T6P0//BJg3A==",
      "dev": true
    },
    "sjs": {
      "version": "0.0.3",
      "resolved": "https://registry.npmjs.org/sjs/-/sjs-0.0.3.tgz",
      "integrity": "sha1-OMsQHPvle39qrucAYtW1n4+bAnM=",
      "requires": {
        "2kenizer": "0.1.6"
      }
    },
    "underscore": {
      "version": "1.9.1",
      "resolved": "https://registry.npmjs.org/underscore/-/underscore-1.9.1.tgz",
      "integrity": "sha512-5/4etnCkd9c8gwgowi5/om/mYO5ajCaOgdzj/oW+0eQV9WxKBDZw5+ycmKmeaTXjInS/W0BzpGLo2xR2aBwZdg=="
    }
  }
}
